
Microsoft Visual Studio Solution File, Format Version 12.00
# Visual Studio Version 17
VisualStudioVersion = 17.7.34031.279
MinimumVisualStudioVersion = 10.0.40219.1
Project("{FAE04EC0-301F-11D3-BF4B-00C04F79EFBC}") = "phonebook_application", "phonebook_application.csproj", "{45035F20-E193-4244-A229-9D92FC02D793}"
EndProject
Global
	GlobalSection(SolutionConfigurationPlatforms) = preSolution
		Debug|Any CPU = Debug|Any CPU
		Release|Any CPU = Release|Any CPU
	EndGlobalSection
	GlobalSection(ProjectConfigurationPlatforms) = postSolution
		{45035F20-E193-4244-A229-9D92FC02D793}.Debug|Any CPU.ActiveCfg = Debug|Any CPU
		{45035F20-E193-4244-A229-9D92FC02D793}.Debug|Any CPU.Build.0 = Debug|Any CPU
		{45035F20-E193-4244-A229-9D92FC02D793}.Release|Any CPU.ActiveCfg = Release|Any CPU
		{45035F20-E193-4244-A229-9D92FC02D793}.Release|Any CPU.Build.0 = Release|Any CPU
	EndGlobalSection
	GlobalSection(SolutionProperties) = preSolution
		HideSolutionNode = FALSE
	EndGlobalSection
	GlobalSection(ExtensibilityGlobals) = postSolution
		SolutionGuid = {A087B9A5-6263-4E00-9EF0-903FB06A9034}
	EndGlobalSection
EndGlobal
